
Microsoft Visual Studio Solution File, Format Version 12.00
# Visual Studio Version 17
VisualStudioVersion = 17.8.34330.188
MinimumVisualStudioVersion = 10.0.40219.1
Project("{FAE04EC0-301F-11D3-BF4B-00C04F79EFBC}") = "WpfWithMvvm", "WpfWithMvvm\WpfWithMvvm.csproj", "{614AD138-60F8-4AA8-81EA-E77ED5495523}"
EndProject
Global
	GlobalSection(SolutionConfigurationPlatforms) = preSolution
		Debug|Any CPU = Debug|Any CPU
		Release|Any CPU = Release|Any CPU
	EndGlobalSection
	GlobalSection(ProjectConfigurationPlatforms) = postSolution
		{614AD138-60F8-4AA8-81EA-E77ED5495523}.Debug|Any CPU.ActiveCfg = Debug|Any CPU
		{614AD138-60F8-4AA8-81EA-E77ED5495523}.Debug|Any CPU.Build.0 = Debug|Any CPU
		{614AD138-60F8-4AA8-81EA-E77ED5495523}.Release|Any CPU.ActiveCfg = Release|Any CPU
		{614AD138-60F8-4AA8-81EA-E77ED5495523}.Release|Any CPU.Build.0 = Release|Any CPU
	EndGlobalSection
	GlobalSection(SolutionProperties) = preSolution
		HideSolutionNode = FALSE
	EndGlobalSection
	GlobalSection(ExtensibilityGlobals) = postSolution
		SolutionGuid = {06827BD3-702D-49FB-91FB-CAFB87D1E9C7}
	EndGlobalSection
EndGlobal
